lockfileVersion: '9.0'

settings:
  autoInstallPeers: true
  excludeLinksFromLockfile: false

importers:

  .:
    dependencies:
      '@internationalized/date':
        specifier: ^3.5.6
        version: 3.5.6

packages:

  '@internationalized/date@3.5.6':
    resolution: {integrity: sha512-jLxQjefH9VI5P9UQuqB6qNKnvFt1Ky1TPIzHGsIlCi7sZZoMR8SdYbBGRvM0y+Jtb+ez4ieBzmiAUcpmPYpyOw==}

  '@swc/helpers@0.5.13':
    resolution: {integrity: sha512-UoKGxQ3r5kYI9dALKJapMmuK+1zWM/H17Z1+iwnNmzcJRnfFuevZs375TA5rW31pu4BS4NoSy1fRsexDXfWn5w==}

  tslib@2.7.0:
    resolution: {integrity: sha512-gLXCKdN1/j47AiHiOkJN69hJmcbGTHI0ImLmbYLHykhgeN0jVGola9yVjFgzCUklsZQMW55o+dW7IXv3RCXDzA==}

snapshots:

  '@internationalized/date@3.5.6':
    dependencies:
      '@swc/helpers': 0.5.13

  '@swc/helpers@0.5.13':
    dependencies:
      tslib: 2.7.0

  tslib@2.7.0: {}
